
Microsoft Visual Studio Solution File, Format Version 12.00
# Visual Studio Version 17
VisualStudioVersion = 17.14.36717.8
MinimumVisualStudioVersion = 10.0.40219.1
Project("{E24C65DC-7377-472B-9ABA-BC803B73C61A}") = "api(1)", "api\", "{CF4E99AB-115F-F8F9-52B2-B333D6A670B0}"
	ProjectSection(WebsiteProperties) = preProject
		TargetFrameworkMoniker = ".NETFramework,Version%3Dv4.0"
		Debug.AspNetCompiler.VirtualPath = "/localhost_64501"
		Debug.AspNetCompiler.PhysicalPath = "api\"
		Debug.AspNetCompiler.TargetPath = "PrecompiledWeb\localhost_64501\"
		Debug.AspNetCompiler.Updateable = "true"
		Debug.AspNetCompiler.ForceOverwrite = "true"
		Debug.AspNetCompiler.FixedNames = "false"
		Debug.AspNetCompiler.Debug = "True"
		Release.AspNetCompiler.VirtualPath = "/localhost_64501"
		Release.AspNetCompiler.PhysicalPath = "api\"
		Release.AspNetCompiler.TargetPath = "PrecompiledWeb\localhost_64501\"
		Release.AspNetCompiler.Updateable = "true"
		Release.AspNetCompiler.ForceOverwrite = "true"
		Release.AspNetCompiler.FixedNames = "false"
		Release.AspNetCompiler.Debug = "False"
		VWDPort = "64501"
		SlnRelativePath = "api\"
	EndProjectSection
EndProject
Project("{E24C65DC-7377-472B-9ABA-BC803B73C61A}") = "hall-of-fame(1)", "hall-of-fame\", "{1FEAB5ED-8A27-2C20-B3CD-A954053FA934}"
	ProjectSection(WebsiteProperties) = preProject
		TargetFrameworkMoniker = ".NETFramework,Version%3Dv4.0"
		Debug.AspNetCompiler.VirtualPath = "/localhost_62423"
		Debug.AspNetCompiler.PhysicalPath = "hall-of-fame\"
		Debug.AspNetCompiler.TargetPath = "PrecompiledWeb\localhost_62423\"
		Debug.AspNetCompiler.Updateable = "true"
		Debug.AspNetCompiler.ForceOverwrite = "true"
		Debug.AspNetCompiler.FixedNames = "false"
		Debug.AspNetCompiler.Debug = "True"
		Release.AspNetCompiler.VirtualPath = "/localhost_62423"
		Release.AspNetCompiler.PhysicalPath = "hall-of-fame\"
		Release.AspNetCompiler.TargetPath = "PrecompiledWeb\localhost_62423\"
		Release.AspNetCompiler.Updateable = "true"
		Release.AspNetCompiler.ForceOverwrite = "true"
		Release.AspNetCompiler.FixedNames = "false"
		Release.AspNetCompiler.Debug = "False"
		VWDPort = "62423"
		SlnRelativePath = "hall-of-fame\"
	EndProjectSection
EndProject
Global
	GlobalSection(SolutionConfigurationPlatforms) = preSolution
		Debug|Any CPU = Debug|Any CPU
	EndGlobalSection
	GlobalSection(ProjectConfigurationPlatforms) = postSolution
		{CF4E99AB-115F-F8F9-52B2-B333D6A670B0}.Debug|Any CPU.ActiveCfg = Debug|Any CPU
		{CF4E99AB-115F-F8F9-52B2-B333D6A670B0}.Debug|Any CPU.Build.0 = Debug|Any CPU
		{1FEAB5ED-8A27-2C20-B3CD-A954053FA934}.Debug|Any CPU.ActiveCfg = Debug|Any CPU
		{1FEAB5ED-8A27-2C20-B3CD-A954053FA934}.Debug|Any CPU.Build.0 = Debug|Any CPU
	EndGlobalSection
	GlobalSection(SolutionProperties) = preSolution
		HideSolutionNode = FALSE
	EndGlobalSection
	GlobalSection(ExtensibilityGlobals) = postSolution
		SolutionGuid = {D5BFC809-0ECC-4527-B117-0E361E76EF93}
	EndGlobalSection
EndGlobal
